
Microsoft Visual Studio Solution File, Format Version 12.00
# Visual Studio Version 17
VisualStudioVersion = 17.10.35122.118
MinimumVisualStudioVersion = 10.0.40219.1
Project("{8BC9CEB8-8B4A-11D0-8D11-00A0C91BC942}") = "Problem 42", "Problem 42.vcxproj", "{E1ECFE7F-5451-4821-9B3E-AF08C1DCDF58}"
EndProject
Global
	GlobalSection(SolutionConfigurationPlatforms) = preSolution
		Debug|x64 = Debug|x64
		Debug|x86 = Debug|x86
		Release|x64 = Release|x64
		Release|x86 = Release|x86
	EndGlobalSection
	GlobalSection(ProjectConfigurationPlatforms) = postSolution
		{E1ECFE7F-5451-4821-9B3E-AF08C1DCDF58}.Debug|x64.ActiveCfg = Debug|x64
		{E1ECFE7F-5451-4821-9B3E-AF08C1DCDF58}.Debug|x64.Build.0 = Debug|x64
		{E1ECFE7F-5451-4821-9B3E-AF08C1DCDF58}.Debug|x86.ActiveCfg = Debug|Win32
		{E1ECFE7F-5451-4821-9B3E-AF08C1DCDF58}.Debug|x86.Build.0 = Debug|Win32
		{E1ECFE7F-5451-4821-9B3E-AF08C1DCDF58}.Release|x64.ActiveCfg = Release|x64
		{E1ECFE7F-5451-4821-9B3E-AF08C1DCDF58}.Release|x64.Build.0 = Release|x64
		{E1ECFE7F-5451-4821-9B3E-AF08C1DCDF58}.Release|x86.ActiveCfg = Release|Win32
		{E1ECFE7F-5451-4821-9B3E-AF08C1DCDF58}.Release|x86.Build.0 = Release|Win32
	EndGlobalSection
	GlobalSection(SolutionProperties) = preSolution
		HideSolutionNode = FALSE
	EndGlobalSection
	GlobalSection(ExtensibilityGlobals) = postSolution
		SolutionGuid = {A9A99BF7-30ED-4610-A42B-2838066ED027}
	EndGlobalSection
EndGlobal
