
Microsoft Visual Studio Solution File, Format Version 12.00
# Visual Studio Version 17
VisualStudioVersion = 17.10.35122.118
MinimumVisualStudioVersion = 10.0.40219.1
Project("{8BC9CEB8-8B4A-11D0-8D11-00A0C91BC942}") = "PRACTICE CORCE 5", "PRACTICE CORCE 5.vcxproj", "{FB599504-4F4F-463B-8D9C-C3CBC7A5BC06}"
EndProject
Global
	GlobalSection(SolutionConfigurationPlatforms) = preSolution
		Debug|x64 = Debug|x64
		Debug|x86 = Debug|x86
		Release|x64 = Release|x64
		Release|x86 = Release|x86
	EndGlobalSection
	GlobalSection(ProjectConfigurationPlatforms) = postSolution
		{FB599504-4F4F-463B-8D9C-C3CBC7A5BC06}.Debug|x64.ActiveCfg = Debug|x64
		{FB599504-4F4F-463B-8D9C-C3CBC7A5BC06}.Debug|x64.Build.0 = Debug|x64
		{FB599504-4F4F-463B-8D9C-C3CBC7A5BC06}.Debug|x86.ActiveCfg = Debug|Win32
		{FB599504-4F4F-463B-8D9C-C3CBC7A5BC06}.Debug|x86.Build.0 = Debug|Win32
		{FB599504-4F4F-463B-8D9C-C3CBC7A5BC06}.Release|x64.ActiveCfg = Release|x64
		{FB599504-4F4F-463B-8D9C-C3CBC7A5BC06}.Release|x64.Build.0 = Release|x64
		{FB599504-4F4F-463B-8D9C-C3CBC7A5BC06}.Release|x86.ActiveCfg = Release|Win32
		{FB599504-4F4F-463B-8D9C-C3CBC7A5BC06}.Release|x86.Build.0 = Release|Win32
	EndGlobalSection
	GlobalSection(SolutionProperties) = preSolution
		HideSolutionNode = FALSE
	EndGlobalSection
	GlobalSection(ExtensibilityGlobals) = postSolution
		SolutionGuid = {F25E0524-6545-4ED9-81DA-3883DAC06721}
	EndGlobalSection
EndGlobal
