
Microsoft Visual Studio Solution File, Format Version 12.00
# Visual Studio Version 17
VisualStudioVersion = 17.10.35122.118
MinimumVisualStudioVersion = 10.0.40219.1
Project("{8BC9CEB8-8B4A-11D0-8D11-00A0C91BC942}") = "Problem18", "Problem18.vcxproj", "{EC3E2B87-0F1C-43C5-BE52-352DD365DB04}"
EndProject
Global
	GlobalSection(SolutionConfigurationPlatforms) = preSolution
		Debug|x64 = Debug|x64
		Debug|x86 = Debug|x86
		Release|x64 = Release|x64
		Release|x86 = Release|x86
	EndGlobalSection
	GlobalSection(ProjectConfigurationPlatforms) = postSolution
		{EC3E2B87-0F1C-43C5-BE52-352DD365DB04}.Debug|x64.ActiveCfg = Debug|x64
		{EC3E2B87-0F1C-43C5-BE52-352DD365DB04}.Debug|x64.Build.0 = Debug|x64
		{EC3E2B87-0F1C-43C5-BE52-352DD365DB04}.Debug|x86.ActiveCfg = Debug|Win32
		{EC3E2B87-0F1C-43C5-BE52-352DD365DB04}.Debug|x86.Build.0 = Debug|Win32
		{EC3E2B87-0F1C-43C5-BE52-352DD365DB04}.Release|x64.ActiveCfg = Release|x64
		{EC3E2B87-0F1C-43C5-BE52-352DD365DB04}.Release|x64.Build.0 = Release|x64
		{EC3E2B87-0F1C-43C5-BE52-352DD365DB04}.Release|x86.ActiveCfg = Release|Win32
		{EC3E2B87-0F1C-43C5-BE52-352DD365DB04}.Release|x86.Build.0 = Release|Win32
	EndGlobalSection
	GlobalSection(SolutionProperties) = preSolution
		HideSolutionNode = FALSE
	EndGlobalSection
	GlobalSection(ExtensibilityGlobals) = postSolution
		SolutionGuid = {22ABC546-BBBC-45BF-8065-005260A0815F}
	EndGlobalSection
EndGlobal
