
Microsoft Visual Studio Solution File, Format Version 12.00
# Visual Studio Version 17
VisualStudioVersion = 17.10.35122.118
MinimumVisualStudioVersion = 10.0.40219.1
Project("{8BC9CEB8-8B4A-11D0-8D11-00A0C91BC942}") = "Problem 2", "Problem 2.vcxproj", "{0B9A4FBB-64BF-43AC-845E-0EA66C07B4CA}"
EndProject
Global
	GlobalSection(SolutionConfigurationPlatforms) = preSolution
		Debug|x64 = Debug|x64
		Debug|x86 = Debug|x86
		Release|x64 = Release|x64
		Release|x86 = Release|x86
	EndGlobalSection
	GlobalSection(ProjectConfigurationPlatforms) = postSolution
		{0B9A4FBB-64BF-43AC-845E-0EA66C07B4CA}.Debug|x64.ActiveCfg = Debug|x64
		{0B9A4FBB-64BF-43AC-845E-0EA66C07B4CA}.Debug|x64.Build.0 = Debug|x64
		{0B9A4FBB-64BF-43AC-845E-0EA66C07B4CA}.Debug|x86.ActiveCfg = Debug|Win32
		{0B9A4FBB-64BF-43AC-845E-0EA66C07B4CA}.Debug|x86.Build.0 = Debug|Win32
		{0B9A4FBB-64BF-43AC-845E-0EA66C07B4CA}.Release|x64.ActiveCfg = Release|x64
		{0B9A4FBB-64BF-43AC-845E-0EA66C07B4CA}.Release|x64.Build.0 = Release|x64
		{0B9A4FBB-64BF-43AC-845E-0EA66C07B4CA}.Release|x86.ActiveCfg = Release|Win32
		{0B9A4FBB-64BF-43AC-845E-0EA66C07B4CA}.Release|x86.Build.0 = Release|Win32
	EndGlobalSection
	GlobalSection(SolutionProperties) = preSolution
		HideSolutionNode = FALSE
	EndGlobalSection
	GlobalSection(ExtensibilityGlobals) = postSolution
		SolutionGuid = {C63238E4-9C00-4B7E-8835-F0D132FBE9F5}
	EndGlobalSection
EndGlobal
