
Microsoft Visual Studio Solution File, Format Version 12.00
# Visual Studio Version 17
VisualStudioVersion = 17.10.35122.118
MinimumVisualStudioVersion = 10.0.40219.1
Project("{8BC9CEB8-8B4A-11D0-8D11-00A0C91BC942}") = "Problem36", "Problem36.vcxproj", "{47A00DF9-D5BE-46E1-8C51-95F6C26C7FA0}"
EndProject
Global
	GlobalSection(SolutionConfigurationPlatforms) = preSolution
		Debug|x64 = Debug|x64
		Debug|x86 = Debug|x86
		Release|x64 = Release|x64
		Release|x86 = Release|x86
	EndGlobalSection
	GlobalSection(ProjectConfigurationPlatforms) = postSolution
		{47A00DF9-D5BE-46E1-8C51-95F6C26C7FA0}.Debug|x64.ActiveCfg = Debug|x64
		{47A00DF9-D5BE-46E1-8C51-95F6C26C7FA0}.Debug|x64.Build.0 = Debug|x64
		{47A00DF9-D5BE-46E1-8C51-95F6C26C7FA0}.Debug|x86.ActiveCfg = Debug|Win32
		{47A00DF9-D5BE-46E1-8C51-95F6C26C7FA0}.Debug|x86.Build.0 = Debug|Win32
		{47A00DF9-D5BE-46E1-8C51-95F6C26C7FA0}.Release|x64.ActiveCfg = Release|x64
		{47A00DF9-D5BE-46E1-8C51-95F6C26C7FA0}.Release|x64.Build.0 = Release|x64
		{47A00DF9-D5BE-46E1-8C51-95F6C26C7FA0}.Release|x86.ActiveCfg = Release|Win32
		{47A00DF9-D5BE-46E1-8C51-95F6C26C7FA0}.Release|x86.Build.0 = Release|Win32
	EndGlobalSection
	GlobalSection(SolutionProperties) = preSolution
		HideSolutionNode = FALSE
	EndGlobalSection
	GlobalSection(ExtensibilityGlobals) = postSolution
		SolutionGuid = {AF8B46DD-1F32-4E6E-A6F2-B8785BEAB5D8}
	EndGlobalSection
EndGlobal
