
Microsoft Visual Studio Solution File, Format Version 12.00
# Visual Studio Version 17
VisualStudioVersion = 17.10.35122.118
MinimumVisualStudioVersion = 10.0.40219.1
Project("{8BC9CEB8-8B4A-11D0-8D11-00A0C91BC942}") = "problem1", "problem1.vcxproj", "{FE710398-7998-4407-9774-1984882C05AE}"
EndProject
Global
	GlobalSection(SolutionConfigurationPlatforms) = preSolution
		Debug|x64 = Debug|x64
		Debug|x86 = Debug|x86
		Release|x64 = Release|x64
		Release|x86 = Release|x86
	EndGlobalSection
	GlobalSection(ProjectConfigurationPlatforms) = postSolution
		{FE710398-7998-4407-9774-1984882C05AE}.Debug|x64.ActiveCfg = Debug|x64
		{FE710398-7998-4407-9774-1984882C05AE}.Debug|x64.Build.0 = Debug|x64
		{FE710398-7998-4407-9774-1984882C05AE}.Debug|x86.ActiveCfg = Debug|Win32
		{FE710398-7998-4407-9774-1984882C05AE}.Debug|x86.Build.0 = Debug|Win32
		{FE710398-7998-4407-9774-1984882C05AE}.Release|x64.ActiveCfg = Release|x64
		{FE710398-7998-4407-9774-1984882C05AE}.Release|x64.Build.0 = Release|x64
		{FE710398-7998-4407-9774-1984882C05AE}.Release|x86.ActiveCfg = Release|Win32
		{FE710398-7998-4407-9774-1984882C05AE}.Release|x86.Build.0 = Release|Win32
	EndGlobalSection
	GlobalSection(SolutionProperties) = preSolution
		HideSolutionNode = FALSE
	EndGlobalSection
	GlobalSection(ExtensibilityGlobals) = postSolution
		SolutionGuid = {216C7AB5-DD07-44DB-8619-C5C0AD9A1F53}
	EndGlobalSection
EndGlobal
