
Microsoft Visual Studio Solution File, Format Version 12.00
# Visual Studio Version 17
VisualStudioVersion = 17.10.35122.118
MinimumVisualStudioVersion = 10.0.40219.1
Project("{8BC9CEB8-8B4A-11D0-8D11-00A0C91BC942}") = "Problem17", "Problem17.vcxproj", "{8F068DCD-8AFF-4284-BC16-6CE3CEF07ACE}"
EndProject
Global
	GlobalSection(SolutionConfigurationPlatforms) = preSolution
		Debug|x64 = Debug|x64
		Debug|x86 = Debug|x86
		Release|x64 = Release|x64
		Release|x86 = Release|x86
	EndGlobalSection
	GlobalSection(ProjectConfigurationPlatforms) = postSolution
		{8F068DCD-8AFF-4284-BC16-6CE3CEF07ACE}.Debug|x64.ActiveCfg = Debug|x64
		{8F068DCD-8AFF-4284-BC16-6CE3CEF07ACE}.Debug|x64.Build.0 = Debug|x64
		{8F068DCD-8AFF-4284-BC16-6CE3CEF07ACE}.Debug|x86.ActiveCfg = Debug|Win32
		{8F068DCD-8AFF-4284-BC16-6CE3CEF07ACE}.Debug|x86.Build.0 = Debug|Win32
		{8F068DCD-8AFF-4284-BC16-6CE3CEF07ACE}.Release|x64.ActiveCfg = Release|x64
		{8F068DCD-8AFF-4284-BC16-6CE3CEF07ACE}.Release|x64.Build.0 = Release|x64
		{8F068DCD-8AFF-4284-BC16-6CE3CEF07ACE}.Release|x86.ActiveCfg = Release|Win32
		{8F068DCD-8AFF-4284-BC16-6CE3CEF07ACE}.Release|x86.Build.0 = Release|Win32
	EndGlobalSection
	GlobalSection(SolutionProperties) = preSolution
		HideSolutionNode = FALSE
	EndGlobalSection
	GlobalSection(ExtensibilityGlobals) = postSolution
		SolutionGuid = {1ECCFBF7-13BC-4EAD-A9BE-82B70D660057}
	EndGlobalSection
EndGlobal
