
Microsoft Visual Studio Solution File, Format Version 12.00
# Visual Studio Version 17
VisualStudioVersion = 17.10.35122.118
MinimumVisualStudioVersion = 10.0.40219.1
Project("{8BC9CEB8-8B4A-11D0-8D11-00A0C91BC942}") = "Lesson18 Vector Add elements", "Lesson18 Vector Add elements.vcxproj", "{1DBACE03-A4A2-495A-8C13-CE39BA5DDF0F}"
EndProject
Global
	GlobalSection(SolutionConfigurationPlatforms) = preSolution
		Debug|x64 = Debug|x64
		Debug|x86 = Debug|x86
		Release|x64 = Release|x64
		Release|x86 = Release|x86
	EndGlobalSection
	GlobalSection(ProjectConfigurationPlatforms) = postSolution
		{1DBACE03-A4A2-495A-8C13-CE39BA5DDF0F}.Debug|x64.ActiveCfg = Debug|x64
		{1DBACE03-A4A2-495A-8C13-CE39BA5DDF0F}.Debug|x64.Build.0 = Debug|x64
		{1DBACE03-A4A2-495A-8C13-CE39BA5DDF0F}.Debug|x86.ActiveCfg = Debug|Win32
		{1DBACE03-A4A2-495A-8C13-CE39BA5DDF0F}.Debug|x86.Build.0 = Debug|Win32
		{1DBACE03-A4A2-495A-8C13-CE39BA5DDF0F}.Release|x64.ActiveCfg = Release|x64
		{1DBACE03-A4A2-495A-8C13-CE39BA5DDF0F}.Release|x64.Build.0 = Release|x64
		{1DBACE03-A4A2-495A-8C13-CE39BA5DDF0F}.Release|x86.ActiveCfg = Release|Win32
		{1DBACE03-A4A2-495A-8C13-CE39BA5DDF0F}.Release|x86.Build.0 = Release|Win32
	EndGlobalSection
	GlobalSection(SolutionProperties) = preSolution
		HideSolutionNode = FALSE
	EndGlobalSection
	GlobalSection(ExtensibilityGlobals) = postSolution
		SolutionGuid = {E2E0F6BA-3CE3-458D-AA67-4F719D689F38}
	EndGlobalSection
EndGlobal
