
Microsoft Visual Studio Solution File, Format Version 12.00
# Visual Studio Version 17
VisualStudioVersion = 17.10.35122.118
MinimumVisualStudioVersion = 10.0.40219.1
Project("{8BC9CEB8-8B4A-11D0-8D11-00A0C91BC942}") = "Problem 33 to 46", "Problem 33 to 46.vcxproj", "{BAAB78FE-B377-45AF-AE43-25C0A1103403}"
EndProject
Global
	GlobalSection(SolutionConfigurationPlatforms) = preSolution
		Debug|x64 = Debug|x64
		Debug|x86 = Debug|x86
		Release|x64 = Release|x64
		Release|x86 = Release|x86
	EndGlobalSection
	GlobalSection(ProjectConfigurationPlatforms) = postSolution
		{BAAB78FE-B377-45AF-AE43-25C0A1103403}.Debug|x64.ActiveCfg = Debug|x64
		{BAAB78FE-B377-45AF-AE43-25C0A1103403}.Debug|x64.Build.0 = Debug|x64
		{BAAB78FE-B377-45AF-AE43-25C0A1103403}.Debug|x86.ActiveCfg = Debug|Win32
		{BAAB78FE-B377-45AF-AE43-25C0A1103403}.Debug|x86.Build.0 = Debug|Win32
		{BAAB78FE-B377-45AF-AE43-25C0A1103403}.Release|x64.ActiveCfg = Release|x64
		{BAAB78FE-B377-45AF-AE43-25C0A1103403}.Release|x64.Build.0 = Release|x64
		{BAAB78FE-B377-45AF-AE43-25C0A1103403}.Release|x86.ActiveCfg = Release|Win32
		{BAAB78FE-B377-45AF-AE43-25C0A1103403}.Release|x86.Build.0 = Release|Win32
	EndGlobalSection
	GlobalSection(SolutionProperties) = preSolution
		HideSolutionNode = FALSE
	EndGlobalSection
	GlobalSection(ExtensibilityGlobals) = postSolution
		SolutionGuid = {1DB331A7-3867-46C2-A6E6-5182EE692A56}
	EndGlobalSection
EndGlobal
