
Microsoft Visual Studio Solution File, Format Version 12.00
# Visual Studio Version 17
VisualStudioVersion = 17.10.35122.118
MinimumVisualStudioVersion = 10.0.40219.1
Project("{8BC9CEB8-8B4A-11D0-8D11-00A0C91BC942}") = "Problem42", "Problem42.vcxproj", "{588150DB-951F-47D4-8493-01E355A38C22}"
EndProject
Global
	GlobalSection(SolutionConfigurationPlatforms) = preSolution
		Debug|x64 = Debug|x64
		Debug|x86 = Debug|x86
		Release|x64 = Release|x64
		Release|x86 = Release|x86
	EndGlobalSection
	GlobalSection(ProjectConfigurationPlatforms) = postSolution
		{588150DB-951F-47D4-8493-01E355A38C22}.Debug|x64.ActiveCfg = Debug|x64
		{588150DB-951F-47D4-8493-01E355A38C22}.Debug|x64.Build.0 = Debug|x64
		{588150DB-951F-47D4-8493-01E355A38C22}.Debug|x86.ActiveCfg = Debug|Win32
		{588150DB-951F-47D4-8493-01E355A38C22}.Debug|x86.Build.0 = Debug|Win32
		{588150DB-951F-47D4-8493-01E355A38C22}.Release|x64.ActiveCfg = Release|x64
		{588150DB-951F-47D4-8493-01E355A38C22}.Release|x64.Build.0 = Release|x64
		{588150DB-951F-47D4-8493-01E355A38C22}.Release|x86.ActiveCfg = Release|Win32
		{588150DB-951F-47D4-8493-01E355A38C22}.Release|x86.Build.0 = Release|Win32
	EndGlobalSection
	GlobalSection(SolutionProperties) = preSolution
		HideSolutionNode = FALSE
	EndGlobalSection
	GlobalSection(ExtensibilityGlobals) = postSolution
		SolutionGuid = {BC5D34D4-471D-4130-98E9-C56612B0285B}
	EndGlobalSection
EndGlobal
